
Microsoft Visual Studio Solution File, Format Version 12.00
# Visual Studio Version 16
VisualStudioVersion = 16.0.30114.105
MinimumVisualStudioVersion = 10.0.40219.1
Project("{9A19103F-16F7-4668-BE54-9A1E7A4F7556}") = "Forge.Server", "Forge\Server\Forge.Server.csproj", "{FD0DE36E-5259-4583-AF9B-C8E28D4D5231}"
EndProject
Project("{9A19103F-16F7-4668-BE54-9A1E7A4F7556}") = "Forge.Client", "Forge\Client\Forge.Client.csproj", "{C1F78C39-4767-49E7-AF74-228CC2284C14}"
EndProject
Project("{9A19103F-16F7-4668-BE54-9A1E7A4F7556}") = "Forge.Shared", "Forge\Shared\Forge.Shared.csproj", "{A0716CBF-3D3B-4E00-BB93-934A67B43B5D}"
EndProject
Project("{2150E333-8FDC-42A3-9474-1A3956D46DE8}") = "Tests", "Tests", "{78ADB194-6393-4D6F-86CA-ED58099D5CC8}"
EndProject
Project("{9A19103F-16F7-4668-BE54-9A1E7A4F7556}") = "Forge.Shared.Tests", "Forge\Shared.Tests\Forge.Shared.Tests.csproj", "{AD5A2F52-4CB3-4376-BB66-C3BB6E3476B4}"
EndProject
Project("{9A19103F-16F7-4668-BE54-9A1E7A4F7556}") = "Forge.Server.Tests", "Forge\Server.Tests\Forge.Server.Tests.csproj", "{372CCC96-DE26-4E53-A516-74C1E8AFAFB7}"
EndProject
Global
	GlobalSection(SolutionConfigurationPlatforms) = preSolution
		Debug|Any CPU = Debug|Any CPU
		Debug|x64 = Debug|x64
		Release|Any CPU = Release|Any CPU
		Release|x64 = Release|x64
	EndGlobalSection
	GlobalSection(ProjectConfigurationPlatforms) = postSolution
		{FD0DE36E-5259-4583-AF9B-C8E28D4D5231}.Debug|Any CPU.ActiveCfg = Debug|Any CPU
		{FD0DE36E-5259-4583-AF9B-C8E28D4D5231}.Debug|Any CPU.Build.0 = Debug|Any CPU
		{FD0DE36E-5259-4583-AF9B-C8E28D4D5231}.Debug|x64.ActiveCfg = Debug|Any CPU
		{FD0DE36E-5259-4583-AF9B-C8E28D4D5231}.Debug|x64.Build.0 = Debug|Any CPU
		{FD0DE36E-5259-4583-AF9B-C8E28D4D5231}.Release|Any CPU.ActiveCfg = Release|Any CPU
		{FD0DE36E-5259-4583-AF9B-C8E28D4D5231}.Release|Any CPU.Build.0 = Release|Any CPU
		{FD0DE36E-5259-4583-AF9B-C8E28D4D5231}.Release|x64.ActiveCfg = Release|Any CPU
		{FD0DE36E-5259-4583-AF9B-C8E28D4D5231}.Release|x64.Build.0 = Release|Any CPU
		{C1F78C39-4767-49E7-AF74-228CC2284C14}.Debug|Any CPU.ActiveCfg = Debug|Any CPU
		{C1F78C39-4767-49E7-AF74-228CC2284C14}.Debug|Any CPU.Build.0 = Debug|Any CPU
		{C1F78C39-4767-49E7-AF74-228CC2284C14}.Debug|x64.ActiveCfg = Debug|Any CPU
		{C1F78C39-4767-49E7-AF74-228CC2284C14}.Debug|x64.Build.0 = Debug|Any CPU
		{C1F78C39-4767-49E7-AF74-228CC2284C14}.Release|Any CPU.ActiveCfg = Release|Any CPU
		{C1F78C39-4767-49E7-AF74-228CC2284C14}.Release|Any CPU.Build.0 = Release|Any CPU
		{C1F78C39-4767-49E7-AF74-228CC2284C14}.Release|x64.ActiveCfg = Release|Any CPU
		{C1F78C39-4767-49E7-AF74-228CC2284C14}.Release|x64.Build.0 = Release|Any CPU
		{A0716CBF-3D3B-4E00-BB93-934A67B43B5D}.Debug|Any CPU.ActiveCfg = Debug|Any CPU
		{A0716CBF-3D3B-4E00-BB93-934A67B43B5D}.Debug|Any CPU.Build.0 = Debug|Any CPU
		{A0716CBF-3D3B-4E00-BB93-934A67B43B5D}.Debug|x64.ActiveCfg = Debug|Any CPU
		{A0716CBF-3D3B-4E00-BB93-934A67B43B5D}.Debug|x64.Build.0 = Debug|Any CPU
		{A0716CBF-3D3B-4E00-BB93-934A67B43B5D}.Release|Any CPU.ActiveCfg = Release|Any CPU
		{A0716CBF-3D3B-4E00-BB93-934A67B43B5D}.Release|Any CPU.Build.0 = Release|Any CPU
		{A0716CBF-3D3B-4E00-BB93-934A67B43B5D}.Release|x64.ActiveCfg = Release|Any CPU
		{A0716CBF-3D3B-4E00-BB93-934A67B43B5D}.Release|x64.Build.0 = Release|Any CPU
		{AD5A2F52-4CB3-4376-BB66-C3BB6E3476B4}.Debug|Any CPU.ActiveCfg = Debug|Any CPU
		{AD5A2F52-4CB3-4376-BB66-C3BB6E3476B4}.Debug|Any CPU.Build.0 = Debug|Any CPU
		{AD5A2F52-4CB3-4376-BB66-C3BB6E3476B4}.Debug|x64.ActiveCfg = Debug|Any CPU
		{AD5A2F52-4CB3-4376-BB66-C3BB6E3476B4}.Debug|x64.Build.0 = Debug|Any CPU
		{AD5A2F52-4CB3-4376-BB66-C3BB6E3476B4}.Release|Any CPU.ActiveCfg = Release|Any CPU
		{AD5A2F52-4CB3-4376-BB66-C3BB6E3476B4}.Release|Any CPU.Build.0 = Release|Any CPU
		{AD5A2F52-4CB3-4376-BB66-C3BB6E3476B4}.Release|x64.ActiveCfg = Release|Any CPU
		{AD5A2F52-4CB3-4376-BB66-C3BB6E3476B4}.Release|x64.Build.0 = Release|Any CPU
		{372CCC96-DE26-4E53-A516-74C1E8AFAFB7}.Debug|Any CPU.ActiveCfg = Debug|Any CPU
		{372CCC96-DE26-4E53-A516-74C1E8AFAFB7}.Debug|Any CPU.Build.0 = Debug|Any CPU
		{372CCC96-DE26-4E53-A516-74C1E8AFAFB7}.Debug|x64.ActiveCfg = Debug|Any CPU
		{372CCC96-DE26-4E53-A516-74C1E8AFAFB7}.Debug|x64.Build.0 = Debug|Any CPU
		{372CCC96-DE26-4E53-A516-74C1E8AFAFB7}.Release|Any CPU.ActiveCfg = Release|Any CPU
		{372CCC96-DE26-4E53-A516-74C1E8AFAFB7}.Release|Any CPU.Build.0 = Release|Any CPU
		{372CCC96-DE26-4E53-A516-74C1E8AFAFB7}.Release|x64.ActiveCfg = Release|Any CPU
		{372CCC96-DE26-4E53-A516-74C1E8AFAFB7}.Release|x64.Build.0 = Release|Any CPU
	EndGlobalSection
	GlobalSection(SolutionProperties) = preSolution
		HideSolutionNode = FALSE
	EndGlobalSection
	GlobalSection(NestedProjects) = preSolution
		{AD5A2F52-4CB3-4376-BB66-C3BB6E3476B4} = {78ADB194-6393-4D6F-86CA-ED58099D5CC8}
		{372CCC96-DE26-4E53-A516-74C1E8AFAFB7} = {78ADB194-6393-4D6F-86CA-ED58099D5CC8}
	EndGlobalSection
	GlobalSection(ExtensibilityGlobals) = postSolution
		SolutionGuid = {2278CD7D-CA77-41E0-B37C-B80D9CFB72C7}
	EndGlobalSection
EndGlobal
